
Microsoft Visual Studio Solution File, Format Version 12.00
# Visual Studio Version 17
VisualStudioVersion = 17.11.35222.181
MinimumVisualStudioVersion = 10.0.40219.1
Project("{888888A0-9F3D-457C-B088-3A5042F75D52}") = "3kLSC-Rodrigo Gomez-07-Python", "3kLSC-Rodrigo Gomez-07-Python\3kLSC-Rodrigo Gomez-07-Python.pyproj", "{C58D3A6B-AB44-4794-A67F-BF99475113BF}"
EndProject
Global
	GlobalSection(SolutionConfigurationPlatforms) = preSolution
		Debug|Any CPU = Debug|Any CPU
		Release|Any CPU = Release|Any CPU
	EndGlobalSection
	GlobalSection(ProjectConfigurationPlatforms) = postSolution
		{C58D3A6B-AB44-4794-A67F-BF99475113BF}.Debug|Any CPU.ActiveCfg = Debug|Any CPU
		{C58D3A6B-AB44-4794-A67F-BF99475113BF}.Release|Any CPU.ActiveCfg = Release|Any CPU
	EndGlobalSection
	GlobalSection(SolutionProperties) = preSolution
		HideSolutionNode = FALSE
	EndGlobalSection
	GlobalSection(ExtensibilityGlobals) = postSolution
		SolutionGuid = {FE498733-0F85-43F5-8648-F8F753472999}
	EndGlobalSection
EndGlobal
